
Microsoft Visual Studio Solution File, Format Version 11.00
# Visual Studio 2010
Project("{FAE04EC0-301F-11D3-BF4B-00C04F79EFBC}") = "sample.net", "sample.net\sample.net.csproj", "{906AE785-A7AE-4046-9383-8CED9AA220DB}"
EndProject
Project("{FAE04EC0-301F-11D3-BF4B-00C04F79EFBC}") = "ActionBarSherlock", "ActionBarSherlock\ActionBarSherlock.csproj", "{2D5471B2-8255-4E47-97E9-EEB28678CC82}"
EndProject
Global
	GlobalSection(SolutionConfigurationPlatforms) = preSolution
		Debug|Any CPU = Debug|Any CPU
		Release|Any CPU = Release|Any CPU
	EndGlobalSection
	GlobalSection(ProjectConfigurationPlatforms) = postSolution
		{906AE785-A7AE-4046-9383-8CED9AA220DB}.Debug|Any CPU.ActiveCfg = Debug|Any CPU
		{906AE785-A7AE-4046-9383-8CED9AA220DB}.Debug|Any CPU.Build.0 = Debug|Any CPU
		{906AE785-A7AE-4046-9383-8CED9AA220DB}.Debug|Any CPU.Deploy.0 = Debug|Any CPU
		{906AE785-A7AE-4046-9383-8CED9AA220DB}.Release|Any CPU.ActiveCfg = Release|Any CPU
		{906AE785-A7AE-4046-9383-8CED9AA220DB}.Release|Any CPU.Build.0 = Release|Any CPU
		{906AE785-A7AE-4046-9383-8CED9AA220DB}.Release|Any CPU.Deploy.0 = Release|Any CPU
		{2D5471B2-8255-4E47-97E9-EEB28678CC82}.Debug|Any CPU.ActiveCfg = Debug|Any CPU
		{2D5471B2-8255-4E47-97E9-EEB28678CC82}.Debug|Any CPU.Build.0 = Debug|Any CPU
		{2D5471B2-8255-4E47-97E9-EEB28678CC82}.Release|Any CPU.ActiveCfg = Release|Any CPU
		{2D5471B2-8255-4E47-97E9-EEB28678CC82}.Release|Any CPU.Build.0 = Release|Any CPU
	EndGlobalSection
	GlobalSection(SolutionProperties) = preSolution
		HideSolutionNode = FALSE
	EndGlobalSection
EndGlobal
